<?xml version="1.0" encoding="UTF-8" standalone="yes" ?>
<CodeBlocks_project_file>
	<FileVersion major="1" minor="6" />
	<Project>
		<Option title="pretty" />
		<Option pch_mode="2" />
		<Option compiler="gcc" />
		<Build>
			<Target title="Debug">
				<Option output="bin/Debug/pretty" prefix_auto="1" extension_auto="1" />
				<Option object_output="obj/Debug/" />
				<Option type="1" />
				<Option compiler="gcc" />
				<Compiler>
					<Add option="-g" />
				</Compiler>
			</Target>
			<Target title="Release">
				<Option output="bin/Release/pretty" prefix_auto="1" extension_auto="1" />
				<Option object_output="obj/Release/" />
				<Option type="1" />
				<Option compiler="gcc" />
				<Compiler>
					<Add option="-O2" />
				</Compiler>
				<Linker>
					<Add option="-s" />
				</Linker>
			</Target>
		</Build>
		<Compiler>
			<Add option="-Wall" />
		</Compiler>
		<Unit filename="CHERI.TTF" />
		<Unit filename="SDL2.dll" />
		<Unit filename="SDL2_image.dll" />
		<Unit filename="SDL2_mixer.dll" />
		<Unit filename="SDL2_ttf.dll" />
		<Unit filename="background_sprite.png" />
		<Unit filename="body.png" />
		<Unit filename="game_object.h" />
		<Unit filename="game_set_up_stuff.h" />
		<Unit filename="head.png" />
		<Unit filename="hq_boss_theme.mp3" />
		<Unit filename="libFLAC-8.dll" />
		<Unit filename="libjpeg-9.dll" />
		<Unit filename="libmodplug-1.dll" />
		<Unit filename="libmpg123-0.dll" />
		<Unit filename="libogg-0.dll" />
		<Unit filename="libopus-0.dll" />
		<Unit filename="libopusfile-0.dll" />
		<Unit filename="libpng16-16.dll" />
		<Unit filename="libtiff-5.dll" />
		<Unit filename="libvorbis-0.dll" />
		<Unit filename="libvorbisfile-3.dll" />
		<Unit filename="libwebp-7.dll" />
		<Unit filename="main_excute.cpp" />
		<Unit filename="nyan_cat_song.mp3" />
		<Unit filename="nyan_start_screen.png" />
		<Unit filename="pickelFruit.png" />
		<Unit filename="woman_DojaCat.mp3" />
		<Unit filename="yoshi_tongue.wav" />
		<Unit filename="zlib1.dll" />
		<Extensions>
			<lib_finder disable_auto="1" />
		</Extensions>
	</Project>
</CodeBlocks_project_file>
